lockfileVersion: '9.0'

settings:
  autoInstallPeers: true
  excludeLinksFromLockfile: false

overrides:
  '@mastra/core': link:../../../../packages/core

importers:

  .:
    dependencies:
      '@mastra/core':
        specifier: link:../../../../packages/core
        version: link:../../../../packages/core
      zod:
        specifier: ^3.25.49
        version: 3.25.55

packages:

  zod@3.25.55:
    resolution: {integrity: sha512-219huNnkSLQnLsQ3uaRjXsxMrVm5C9W3OOpEVt2k5tvMKuA8nBSu38e0B//a+he9Iq2dvmk2VyYVlHqiHa4YBA==}

snapshots:

  zod@3.25.55: {}
